// !$*UTF8*$!
{
	archiveVersion = 1;
	classes = {
	};
	objectVersion = 50;
	objects = {

/* Begin PBXBuildFile section */
		D986680526CF487100557E80 /* watching WatchKit App.app in Embed Watch Content */ = {isa = PBXBuildFile; fileRef = D986680426CF487100557E80 /* watching WatchKit App.app */; settings = {ATTRIBUTES = (RemoveHeadersOnCopy, ); }; };
		D986680A26CF487200557E80 /* Assets.xcassets in Resources */ = {isa = PBXBuildFile; fileRef = D986680926CF487200557E80 /* Assets.xcassets */; };
		D986681126CF487300557E80 /* watching WatchKit Extension.appex in Embed App Extensions */ = {isa = PBXBuildFile; fileRef = D986681026CF487300557E80 /* watching WatchKit Extension.appex */; settings = {ATTRIBUTES = (RemoveHeadersOnCopy, ); }; };
		D986681626CF487300557E80 /* watchingApp.swift in Sources */ = {isa = PBXBuildFile; fileRef = D986681526CF487300557E80 /* watchingApp.swift */; };
		D986681826CF487300557E80 /* ContentView.swift in Sources */ = {isa = PBXBuildFile; fileRef = D986681726CF487300557E80 /* ContentView.swift */; };
		D986681A26CF487300557E80 /* NotificationController.swift in Sources */ = {isa = PBXBuildFile; fileRef = D986681926CF487300557E80 /* NotificationController.swift */; };
		D986681C26CF487300557E80 /* NotificationView.swift in Sources */ = {isa = PBXBuildFile; fileRef = D986681B26CF487300557E80 /* NotificationView.swift */; };
		D986681E26CF487300557E80 /* ComplicationController.swift in Sources */ = {isa = PBXBuildFile; fileRef = D986681D26CF487300557E80 /* ComplicationController.swift */; };
		D986682026CF487300557E80 /* Assets.xcassets in Resources */ = {isa = PBXBuildFile; fileRef = D986681F26CF487300557E80 /* Assets.xcassets */; };
		D986682326CF487300557E80 /* Preview Assets.xcassets in Resources */ = {isa = PBXBuildFile; fileRef = D986682226CF487300557E80 /* Preview Assets.xcassets */; };
		D986683526CF493300557E80 /* ModelData.swift in Sources */ = {isa = PBXBuildFile; fileRef = D986683426CF493300557E80 /* ModelData.swift */; };
		D986683826CF4A7500557E80 /* WorkoutList.swift in Sources */ = {isa = PBXBuildFile; fileRef = D986683726CF4A7500557E80 /* WorkoutList.swift */; };
		D986683A26CF4F2E00557E80 /* WorkoutRow.swift in Sources */ = {isa = PBXBuildFile; fileRef = D986683926CF4F2E00557E80 /* WorkoutRow.swift */; };
		D986683C26CF53E000557E80 /* WorkoutDetail.swift in Sources */ = {isa = PBXBuildFile; fileRef = D986683B26CF53E000557E80 /* WorkoutDetail.swift */; };
		D986683E26CF5A8C00557E80 /* WorkoutSummary.swift in Sources */ = {isa = PBXBuildFile; fileRef = D986683D26CF5A8C00557E80 /* WorkoutSummary.swift */; };
		D986684026CF5C4800557E80 /* WorkoutPage.swift in Sources */ = {isa = PBXBuildFile; fileRef = D986683F26CF5C4800557E80 /* WorkoutPage.swift */; };
/* End PBXBuildFile section */

/* Begin PBXContainerItemProxy section */
		D986680626CF487100557E80 /* PBXContainerItemProxy */ = {
			isa = PBXContainerItemProxy;
			containerPortal = D98667FA26CF487100557E80 /* Project object */;
			proxyType = 1;
			remoteGlobalIDString = D986680326CF487100557E80;
			remoteInfo = "watching WatchKit App";
		};
		D986681226CF487300557E80 /* PBXContainerItemProxy */ = {
			isa = PBXContainerItemProxy;
			containerPortal = D98667FA26CF487100557E80 /* Project object */;
			proxyType = 1;
			remoteGlobalIDString = D986680F26CF487300557E80;
			remoteInfo = "watching WatchKit Extension";
		};
/* End PBXContainerItemProxy section */

/* Begin PBXCopyFilesBuildPhase section */
		D986682B26CF487300557E80 /* Embed App Extensions */ = {
			isa = PBXCopyFilesBuildPhase;
			buildActionMask = 2147483647;
			dstPath = "";
			dstSubfolderSpec = 13;
			files = (
				D986681126CF487300557E80 /* watching WatchKit Extension.appex in Embed App Extensions */,
			);
			name = "Embed App Extensions";
			runOnlyForDeploymentPostprocessing = 0;
		};
		D986682F26CF487300557E80 /* Embed Watch Content */ = {
			isa = PBXCopyFilesBuildPhase;
			buildActionMask = 2147483647;
			dstPath = "$(CONTENTS_FOLDER_PATH)/Watch";
			dstSubfolderSpec = 16;
			files = (
				D986680526CF487100557E80 /* watching WatchKit App.app in Embed Watch Content */,
			);
			name = "Embed Watch Content";
			runOnlyForDeploymentPostprocessing = 0;
		};
/* End PBXCopyFilesBuildPhase section */

/* Begin PBXFileReference section */
		D986680026CF487100557E80 /* watching.app */ = {isa = PBXFileReference; explicitFileType = wrapper.application; includeInIndex = 0; path = watching.app; sourceTree = BUILT_PRODUCTS_DIR; };
		D986680426CF487100557E80 /* watching WatchKit App.app */ = {isa = PBXFileReference; explicitFileType = wrapper.application; includeInIndex = 0; path = "watching WatchKit App.app"; sourceTree = BUILT_PRODUCTS_DIR; };
		D986680926CF487200557E80 /* Assets.xcassets */ = {isa = PBXFileReference; lastKnownFileType = folder.assetcatalog; path = Assets.xcassets; sourceTree = "<group>"; };
		D986680B26CF487200557E80 /* Info.plist */ = {isa = PBXFileReference; lastKnownFileType = text.plist.xml; path = Info.plist; sourceTree = "<group>"; };
		D986681026CF487300557E80 /* watching WatchKit Extension.appex */ = {isa = PBXFileReference; explicitFileType = "wrapper.app-extension"; includeInIndex = 0; path = "watching WatchKit Extension.appex"; sourceTree = BUILT_PRODUCTS_DIR; };
		D986681526CF487300557E80 /* watchingApp.swift */ = {isa = PBXFileReference; lastKnownFileType = sourcecode.swift; path = watchingApp.swift; sourceTree = "<group>"; };
		D986681726CF487300557E80 /* ContentView.swift */ = {isa = PBXFileReference; lastKnownFileType = sourcecode.swift; path = ContentView.swift; sourceTree = "<group>"; };
		D986681926CF487300557E80 /* NotificationController.swift */ = {isa = PBXFileReference; lastKnownFileType = sourcecode.swift; path = NotificationController.swift; sourceTree = "<group>"; };
		D986681B26CF487300557E80 /* NotificationView.swift */ = {isa = PBXFileReference; lastKnownFileType = sourcecode.swift; path = NotificationView.swift; sourceTree = "<group>"; };
		D986681D26CF487300557E80 /* ComplicationController.swift */ = {isa = PBXFileReference; lastKnownFileType = sourcecode.swift; path = ComplicationController.swift; sourceTree = "<group>"; };
		D986681F26CF487300557E80 /* Assets.xcassets */ = {isa = PBXFileReference; lastKnownFileType = folder.assetcatalog; path = Assets.xcassets; sourceTree = "<group>"; };
		D986682226CF487300557E80 /* Preview Assets.xcassets */ = {isa = PBXFileReference; lastKnownFileType = folder.assetcatalog; path = "Preview Assets.xcassets"; sourceTree = "<group>"; };
		D986682426CF487300557E80 /* Info.plist */ = {isa = PBXFileReference; lastKnownFileType = text.plist.xml; path = Info.plist; sourceTree = "<group>"; };
		D986682526CF487300557E80 /* PushNotificationPayload.apns */ = {isa = PBXFileReference; lastKnownFileType = text; path = PushNotificationPayload.apns; sourceTree = "<group>"; };
		D986683426CF493300557E80 /* ModelData.swift */ = {isa = PBXFileReference; lastKnownFileType = sourcecode.swift; path = ModelData.swift; sourceTree = "<group>"; };
		D986683726CF4A7500557E80 /* WorkoutList.swift */ = {isa = PBXFileReference; lastKnownFileType = sourcecode.swift; path = WorkoutList.swift; sourceTree = "<group>"; };
		D986683926CF4F2E00557E80 /* WorkoutRow.swift */ = {isa = PBXFileReference; lastKnownFileType = sourcecode.swift; path = WorkoutRow.swift; sourceTree = "<group>"; };
		D986683B26CF53E000557E80 /* WorkoutDetail.swift */ = {isa = PBXFileReference; lastKnownFileType = sourcecode.swift; path = WorkoutDetail.swift; sourceTree = "<group>"; };
		D986683D26CF5A8C00557E80 /* WorkoutSummary.swift */ = {isa = PBXFileReference; lastKnownFileType = sourcecode.swift; path = WorkoutSummary.swift; sourceTree = "<group>"; };
		D986683F26CF5C4800557E80 /* WorkoutPage.swift */ = {isa = PBXFileReference; lastKnownFileType = sourcecode.swift; path = WorkoutPage.swift; sourceTree = "<group>"; };
/* End PBXFileReference section */

/* Begin PBXFrameworksBuildPhase section */
		D986680D26CF487300557E80 /* Frameworks */ = {
			isa = PBXFrameworksBuildPhase;
			buildActionMask = 2147483647;
			files = (
			);
			runOnlyForDeploymentPostprocessing = 0;
		};
/* End PBXFrameworksBuildPhase section */

/* Begin PBXGroup section */
		D98667F926CF487100557E80 = {
			isa = PBXGroup;
			children = (
				D986680826CF487100557E80 /* watching WatchKit App */,
				D986681426CF487300557E80 /* watching WatchKit Extension */,
				D986680126CF487100557E80 /* Products */,
			);
			sourceTree = "<group>";
		};
		D986680126CF487100557E80 /* Products */ = {
			isa = PBXGroup;
			children = (
				D986680026CF487100557E80 /* watching.app */,
				D986680426CF487100557E80 /* watching WatchKit App.app */,
				D986681026CF487300557E80 /* watching WatchKit Extension.appex */,
			);
			name = Products;
			sourceTree = "<group>";
		};
		D986680826CF487100557E80 /* watching WatchKit App */ = {
			isa = PBXGroup;
			children = (
				D986680926CF487200557E80 /* Assets.xcassets */,
				D986680B26CF487200557E80 /* Info.plist */,
			);
			path = "watching WatchKit App";
			sourceTree = "<group>";
		};
		D986681426CF487300557E80 /* watching WatchKit Extension */ = {
			isa = PBXGroup;
			children = (
				D986683626CF4A5600557E80 /* Views */,
				D986681526CF487300557E80 /* watchingApp.swift */,
				D986681726CF487300557E80 /* ContentView.swift */,
				D986683326CF492100557E80 /* Model */,
				D986681926CF487300557E80 /* NotificationController.swift */,
				D986681B26CF487300557E80 /* NotificationView.swift */,
				D986681D26CF487300557E80 /* ComplicationController.swift */,
				D986681F26CF487300557E80 /* Assets.xcassets */,
				D986682426CF487300557E80 /* Info.plist */,
				D986682526CF487300557E80 /* PushNotificationPayload.apns */,
				D986682126CF487300557E80 /* Preview Content */,
			);
			path = "watching WatchKit Extension";
			sourceTree = "<group>";
		};
		D986682126CF487300557E80 /* Preview Content */ = {
			isa = PBXGroup;
			children = (
				D986682226CF487300557E80 /* Preview Assets.xcassets */,
			);
			path = "Preview Content";
			sourceTree = "<group>";
		};
		D986683326CF492100557E80 /* Model */ = {
			isa = PBXGroup;
			children = (
				D986683426CF493300557E80 /* ModelData.swift */,
			);
			path = Model;
			sourceTree = "<group>";
		};
		D986683626CF4A5600557E80 /* Views */ = {
			isa = PBXGroup;
			children = (
				D986683726CF4A7500557E80 /* WorkoutList.swift */,
				D986683926CF4F2E00557E80 /* WorkoutRow.swift */,
				D986683B26CF53E000557E80 /* WorkoutDetail.swift */,
				D986683D26CF5A8C00557E80 /* WorkoutSummary.swift */,
				D986683F26CF5C4800557E80 /* WorkoutPage.swift */,
			);
			path = Views;
			sourceTree = "<group>";
		};
/* End PBXGroup section */

/* Begin PBXNativeTarget section */
		D98667FF26CF487100557E80 /* watching */ = {
			isa = PBXNativeTarget;
			buildConfigurationList = D986683026CF487300557E80 /* Build configuration list for PBXNativeTarget "watching" */;
			buildPhases = (
				D98667FE26CF487100557E80 /* Resources */,
				D986682F26CF487300557E80 /* Embed Watch Content */,
			);
			buildRules = (
			);
			dependencies = (
				D986680726CF487100557E80 /* PBXTargetDependency */,
			);
			name = watching;
			productName = watching;
			productReference = D986680026CF487100557E80 /* watching.app */;
			productType = "com.apple.product-type.application.watchapp2-container";
		};
		D986680326CF487100557E80 /* watching WatchKit App */ = {
			isa = PBXNativeTarget;
			buildConfigurationList = D986682C26CF487300557E80 /* Build configuration list for PBXNativeTarget "watching WatchKit App" */;
			buildPhases = (
				D986680226CF487100557E80 /* Resources */,
				D986682B26CF487300557E80 /* Embed App Extensions */,
			);
			buildRules = (
			);
			dependencies = (
				D986681326CF487300557E80 /* PBXTargetDependency */,
			);
			name = "watching WatchKit App";
			productName = "watching WatchKit App";
			productReference = D986680426CF487100557E80 /* watching WatchKit App.app */;
			productType = "com.apple.product-type.application.watchapp2";
		};
		D986680F26CF487300557E80 /* watching WatchKit Extension */ = {
			isa = PBXNativeTarget;
			buildConfigurationList = D986682826CF487300557E80 /* Build configuration list for PBXNativeTarget "watching WatchKit Extension" */;
			buildPhases = (
				D986680C26CF487300557E80 /* Sources */,
				D986680D26CF487300557E80 /* Frameworks */,
				D986680E26CF487300557E80 /* Resources */,
			);
			buildRules = (
			);
			dependencies = (
			);
			name = "watching WatchKit Extension";
			productName = "watching WatchKit Extension";
			productReference = D986681026CF487300557E80 /* watching WatchKit Extension.appex */;
			productType = "com.apple.product-type.watchkit2-extension";
		};
/* End PBXNativeTarget section */

/* Begin PBXProject section */
		D98667FA26CF487100557E80 /* Project object */ = {
			isa = PBXProject;
			attributes = {
				LastSwiftUpdateCheck = 1250;
				LastUpgradeCheck = 1250;
				TargetAttributes = {
					D98667FF26CF487100557E80 = {
						CreatedOnToolsVersion = 12.5.1;
					};
					D986680326CF487100557E80 = {
						CreatedOnToolsVersion = 12.5.1;
					};
					D986680F26CF487300557E80 = {
						CreatedOnToolsVersion = 12.5.1;
					};
				};
			};
			buildConfigurationList = D98667FD26CF487100557E80 /* Build configuration list for PBXProject "watching" */;
			compatibilityVersion = "Xcode 9.3";
			developmentRegion = en;
			hasScannedForEncodings = 0;
			knownRegions = (
				en,
				Base,
			);
			mainGroup = D98667F926CF487100557E80;
			productRefGroup = D986680126CF487100557E80 /* Products */;
			projectDirPath = "";
			projectRoot = "";
			targets = (
				D98667FF26CF487100557E80 /* watching */,
				D986680326CF487100557E80 /* watching WatchKit App */,
				D986680F26CF487300557E80 /* watching WatchKit Extension */,
			);
		};
/* End PBXProject section */

/* Begin PBXResourcesBuildPhase section */
		D98667FE26CF487100557E80 /* Resources */ = {
			isa = PBXResourcesBuildPhase;
			buildActionMask = 2147483647;
			files = (
			);
			runOnlyForDeploymentPostprocessing = 0;
		};
		D986680226CF487100557E80 /* Resources */ = {
			isa = PBXResourcesBuildPhase;
			buildActionMask = 2147483647;
			files = (
				D986680A26CF487200557E80 /* Assets.xcassets in Resources */,
			);
			runOnlyForDeploymentPostprocessing = 0;
		};
		D986680E26CF487300557E80 /* Resources */ = {
			isa = PBXResourcesBuildPhase;
			buildActionMask = 2147483647;
			files = (
				D986682326CF487300557E80 /* Preview Assets.xcassets in Resources */,
				D986682026CF487300557E80 /* Assets.xcassets in Resources */,
			);
			runOnlyForDeploymentPostprocessing = 0;
		};
/* End PBXResourcesBuildPhase section */

/* Begin PBXSourcesBuildPhase section */
		D986680C26CF487300557E80 /* Sources */ = {
			isa = PBXSourcesBuildPhase;
			buildActionMask = 2147483647;
			files = (
				D986683826CF4A7500557E80 /* WorkoutList.swift in Sources */,
				D986681A26CF487300557E80 /* NotificationController.swift in Sources */,
				D986681826CF487300557E80 /* ContentView.swift in Sources */,
				D986683C26CF53E000557E80 /* WorkoutDetail.swift in Sources */,
				D986681E26CF487300557E80 /* ComplicationController.swift in Sources */,
				D986681626CF487300557E80 /* watchingApp.swift in Sources */,
				D986681C26CF487300557E80 /* NotificationView.swift in Sources */,
				D986683A26CF4F2E00557E80 /* WorkoutRow.swift in Sources */,
				D986683E26CF5A8C00557E80 /* WorkoutSummary.swift in Sources */,
				D986684026CF5C4800557E80 /* WorkoutPage.swift in Sources */,
				D986683526CF493300557E80 /* ModelData.swift in Sources */,
			);
			runOnlyForDeploymentPostprocessing = 0;
		};
/* End PBXSourcesBuildPhase section */

/* Begin PBXTargetDependency section */
		D986680726CF487100557E80 /* PBXTargetDependency */ = {
			isa = PBXTargetDependency;
			target = D986680326CF487100557E80 /* watching WatchKit App */;
			targetProxy = D986680626CF487100557E80 /* PBXContainerItemProxy */;
		};
		D986681326CF487300557E80 /* PBXTargetDependency */ = {
			isa = PBXTargetDependency;
			target = D986680F26CF487300557E80 /* watching WatchKit Extension */;
			targetProxy = D986681226CF487300557E80 /* PBXContainerItemProxy */;
		};
/* End PBXTargetDependency section */

/* Begin XCBuildConfiguration section */
		D986682626CF487300557E80 /* Debug */ = {
			isa = XCBuildConfiguration;
			buildSettings = {
				ALWAYS_SEARCH_USER_PATHS = NO;
				CLANG_ANALYZER_NONNULL = YES;
				CLANG_ANALYZER_NUMBER_OBJECT_CONVERSION = YES_AGGRESSIVE;
				CLANG_CXX_LANGUAGE_STANDARD = "gnu++14";
				CLANG_CXX_LIBRARY = "libc++";
				CLANG_ENABLE_MODULES = YES;
				CLANG_ENABLE_OBJC_ARC = YES;
				CLANG_ENABLE_OBJC_WEAK = YES;
				CLANG_WARN_BLOCK_CAPTURE_AUTORELEASING = YES;
				CLANG_WARN_BOOL_CONVERSION = YES;
				CLANG_WARN_COMMA = YES;
				CLANG_WARN_CONSTANT_CONVERSION = YES;
				CLANG_WARN_DEPRECATED_OBJC_IMPLEMENTATIONS = YES;
				CLANG_WARN_DIRECT_OBJC_ISA_USAGE = YES_ERROR;
				CLANG_WARN_DOCUMENTATION_COMMENTS = YES;
				CLANG_WARN_EMPTY_BODY = YES;
				CLANG_WARN_ENUM_CONVERSION = YES;
				CLANG_WARN_INFINITE_RECURSION = YES;
				CLANG_WARN_INT_CONVERSION = YES;
				CLANG_WARN_NON_LITERAL_NULL_CONVERSION = YES;
				CLANG_WARN_OBJC_IMPLICIT_RETAIN_SELF = YES;
				CLANG_WARN_OBJC_LITERAL_CONVERSION = YES;
				CLANG_WARN_OBJC_ROOT_CLASS = YES_ERROR;
				CLANG_WARN_QUOTED_INCLUDE_IN_FRAMEWORK_HEADER = YES;
				CLANG_WARN_RANGE_LOOP_ANALYSIS = YES;
				CLANG_WARN_STRICT_PROTOTYPES = YES;
				CLANG_WARN_SUSPICIOUS_MOVE = YES;
				CLANG_WARN_UNGUARDED_AVAILABILITY = YES_AGGRESSIVE;
				CLANG_WARN_UNREACHABLE_CODE = YES;
				CLANG_WARN__DUPLICATE_METHOD_MATCH = YES;
				COPY_PHASE_STRIP = NO;
				DEBUG_INFORMATION_FORMAT = dwarf;
				ENABLE_STRICT_OBJC_MSGSEND = YES;
				ENABLE_TESTABILITY = YES;
				GCC_C_LANGUAGE_STANDARD = gnu11;
				GCC_DYNAMIC_NO_PIC = NO;
				GCC_NO_COMMON_BLOCKS = YES;
				GCC_OPTIMIZATION_LEVEL = 0;
				GCC_PREPROCESSOR_DEFINITIONS = (
					"DEBUG=1",
					"$(inherited)",
				);
				GCC_WARN_64_TO_32_BIT_CONVERSION = YES;
				GCC_WARN_ABOUT_RETURN_TYPE = YES_ERROR;
				GCC_WARN_UNDECLARED_SELECTOR = YES;
				GCC_WARN_UNINITIALIZED_AUTOS = YES_AGGRESSIVE;
				GCC_WARN_UNUSED_FUNCTION = YES;
				GCC_WARN_UNUSED_VARIABLE = YES;
				MTL_ENABLE_DEBUG_INFO = INCLUDE_SOURCE;
				MTL_FAST_MATH = YES;
				ONLY_ACTIVE_ARCH = YES;
				SDKROOT = iphoneos;
				SWIFT_ACTIVE_COMPILATION_CONDITIONS = DEBUG;
				SWIFT_OPTIMIZATION_LEVEL = "-Onone";
			};
			name = Debug;
		};
		D986682726CF487300557E80 /* Release */ = {
			isa = XCBuildConfiguration;
			buildSettings = {
				ALWAYS_SEARCH_USER_PATHS = NO;
				CLANG_ANALYZER_NONNULL = YES;
				CLANG_ANALYZER_NUMBER_OBJECT_CONVERSION = YES_AGGRESSIVE;
				CLANG_CXX_LANGUAGE_STANDARD = "gnu++14";
				CLANG_CXX_LIBRARY = "libc++";
				CLANG_ENABLE_MODULES = YES;
				CLANG_ENABLE_OBJC_ARC = YES;
				CLANG_ENABLE_OBJC_WEAK = YES;
				CLANG_WARN_BLOCK_CAPTURE_AUTORELEASING = YES;
				CLANG_WARN_BOOL_CONVERSION = YES;
				CLANG_WARN_COMMA = YES;
				CLANG_WARN_CONSTANT_CONVERSION = YES;
				CLANG_WARN_DEPRECATED_OBJC_IMPLEMENTATIONS = YES;
				CLANG_WARN_DIRECT_OBJC_ISA_USAGE = YES_ERROR;
				CLANG_WARN_DOCUMENTATION_COMMENTS = YES;
				CLANG_WARN_EMPTY_BODY = YES;
				CLANG_WARN_ENUM_CONVERSION = YES;
				CLANG_WARN_INFINITE_RECURSION = YES;
				CLANG_WARN_INT_CONVERSION = YES;
				CLANG_WARN_NON_LITERAL_NULL_CONVERSION = YES;
				CLANG_WARN_OBJC_IMPLICIT_RETAIN_SELF = YES;
				CLANG_WARN_OBJC_LITERAL_CONVERSION = YES;
				CLANG_WARN_OBJC_ROOT_CLASS = YES_ERROR;
				CLANG_WARN_QUOTED_INCLUDE_IN_FRAMEWORK_HEADER = YES;
				CLANG_WARN_RANGE_LOOP_ANALYSIS = YES;
				CLANG_WARN_STRICT_PROTOTYPES = YES;
				CLANG_WARN_SUSPICIOUS_MOVE = YES;
				CLANG_WARN_UNGUARDED_AVAILABILITY = YES_AGGRESSIVE;
				CLANG_WARN_UNREACHABLE_CODE = YES;
				CLANG_WARN__DUPLICATE_METHOD_MATCH = YES;
				COPY_PHASE_STRIP = NO;
				DEBUG_INFORMATION_FORMAT = "dwarf-with-dsym";
				ENABLE_NS_ASSERTIONS = NO;
				ENABLE_STRICT_OBJC_MSGSEND = YES;
				GCC_C_LANGUAGE_STANDARD = gnu11;
				GCC_NO_COMMON_BLOCKS = YES;
				GCC_WARN_64_TO_32_BIT_CONVERSION = YES;
				GCC_WARN_ABOUT_RETURN_TYPE = YES_ERROR;
				GCC_WARN_UNDECLARED_SELECTOR = YES;
				GCC_WARN_UNINITIALIZED_AUTOS = YES_AGGRESSIVE;
				GCC_WARN_UNUSED_FUNCTION = YES;
				GCC_WARN_UNUSED_VARIABLE = YES;
				MTL_ENABLE_DEBUG_INFO = NO;
				MTL_FAST_MATH = YES;
				SDKROOT = iphoneos;
				SWIFT_COMPILATION_MODE = wholemodule;
				SWIFT_OPTIMIZATION_LEVEL = "-O";
				VALIDATE_PRODUCT = YES;
			};
			name = Release;
		};
		D986682926CF487300557E80 /* Debug */ = {
			isa = XCBuildConfiguration;
			buildSettings = {
				ASSETCATALOG_COMPILER_COMPLICATION_NAME = Complication;
				CODE_SIGN_STYLE = Automatic;
				DEVELOPMENT_ASSET_PATHS = "\"watching WatchKit Extension/Preview Content\"";
				DEVELOPMENT_TEAM = Y6X9S45TDJ;
				ENABLE_PREVIEWS = YES;
				INFOPLIST_FILE = "watching WatchKit Extension/Info.plist";
				LD_RUNPATH_SEARCH_PATHS = (
					"$(inherited)",
					"@executable_path/Frameworks",
					"@executable_path/../../Frameworks",
				);
				PRODUCT_BUNDLE_IDENTIFIER = com.ILB.watching.watchkitapp.watchkitextension;
				PRODUCT_NAME = "${TARGET_NAME}";
				SDKROOT = watchos;
				SKIP_INSTALL = YES;
				SWIFT_VERSION = 5.0;
				TARGETED_DEVICE_FAMILY = 4;
				WATCHOS_DEPLOYMENT_TARGET = 7.4;
			};
			name = Debug;
		};
		D986682A26CF487300557E80 /* Release */ = {
			isa = XCBuildConfiguration;
			buildSettings = {
				ASSETCATALOG_COMPILER_COMPLICATION_NAME = Complication;
				CODE_SIGN_STYLE = Automatic;
				DEVELOPMENT_ASSET_PATHS = "\"watching WatchKit Extension/Preview Content\"";
				DEVELOPMENT_TEAM = Y6X9S45TDJ;
				ENABLE_PREVIEWS = YES;
				INFOPLIST_FILE = "watching WatchKit Extension/Info.plist";
				LD_RUNPATH_SEARCH_PATHS = (
					"$(inherited)",
					"@executable_path/Frameworks",
					"@executable_path/../../Frameworks",
				);
				PRODUCT_BUNDLE_IDENTIFIER = com.ILB.watching.watchkitapp.watchkitextension;
				PRODUCT_NAME = "${TARGET_NAME}";
				SDKROOT = watchos;
				SKIP_INSTALL = YES;
				SWIFT_VERSION = 5.0;
				TARGETED_DEVICE_FAMILY = 4;
				WATCHOS_DEPLOYMENT_TARGET = 7.4;
			};
			name = Release;
		};
		D986682D26CF487300557E80 /* Debug */ = {
			isa = XCBuildConfiguration;
			buildSettings = {
				ALWAYS_EMBED_SWIFT_STANDARD_LIBRARIES = YES;
				ASSETCATALOG_COMPILER_APPICON_NAME = AppIcon;
				ASSETCATALOG_COMPILER_GLOBAL_ACCENT_COLOR_NAME = AccentColor;
				CODE_SIGN_STYLE = Automatic;
				DEVELOPMENT_TEAM = Y6X9S45TDJ;
				IBSC_MODULE = watching_WatchKit_Extension;
				INFOPLIST_FILE = "watching WatchKit App/Info.plist";
				PRODUCT_BUNDLE_IDENTIFIER = com.ILB.watching.watchkitapp;
				PRODUCT_NAME = "$(TARGET_NAME)";
				SDKROOT = watchos;
				SKIP_INSTALL = YES;
				SWIFT_VERSION = 5.0;
				TARGETED_DEVICE_FAMILY = 4;
				WATCHOS_DEPLOYMENT_TARGET = 7.4;
			};
			name = Debug;
		};
		D986682E26CF487300557E80 /* Release */ = {
			isa = XCBuildConfiguration;
			buildSettings = {
				ALWAYS_EMBED_SWIFT_STANDARD_LIBRARIES = YES;
				ASSETCATALOG_COMPILER_APPICON_NAME = AppIcon;
				ASSETCATALOG_COMPILER_GLOBAL_ACCENT_COLOR_NAME = AccentColor;
				CODE_SIGN_STYLE = Automatic;
				DEVELOPMENT_TEAM = Y6X9S45TDJ;
				IBSC_MODULE = watching_WatchKit_Extension;
				INFOPLIST_FILE = "watching WatchKit App/Info.plist";
				PRODUCT_BUNDLE_IDENTIFIER = com.ILB.watching.watchkitapp;
				PRODUCT_NAME = "$(TARGET_NAME)";
				SDKROOT = watchos;
				SKIP_INSTALL = YES;
				SWIFT_VERSION = 5.0;
				TARGETED_DEVICE_FAMILY = 4;
				WATCHOS_DEPLOYMENT_TARGET = 7.4;
			};
			name = Release;
		};
		D986683126CF487300557E80 /* Debug */ = {
			isa = XCBuildConfiguration;
			buildSettings = {
				CODE_SIGN_STYLE = Automatic;
				CURRENT_PROJECT_VERSION = 1;
				DEVELOPMENT_TEAM = Y6X9S45TDJ;
				MARKETING_VERSION = 1.0;
				PRODUCT_BUNDLE_IDENTIFIER = com.ILB.watching;
				PRODUCT_NAME = "$(TARGET_NAME)";
				SWIFT_VERSION = 5.0;
			};
			name = Debug;
		};
		D986683226CF487300557E80 /* Release */ = {
			isa = XCBuildConfiguration;
			buildSettings = {
				CODE_SIGN_STYLE = Automatic;
				CURRENT_PROJECT_VERSION = 1;
				DEVELOPMENT_TEAM = Y6X9S45TDJ;
				MARKETING_VERSION = 1.0;
				PRODUCT_BUNDLE_IDENTIFIER = com.ILB.watching;
				PRODUCT_NAME = "$(TARGET_NAME)";
				SWIFT_VERSION = 5.0;
			};
			name = Release;
		};
/* End XCBuildConfiguration section */

/* Begin XCConfigurationList section */
		D98667FD26CF487100557E80 /* Build configuration list for PBXProject "watching" */ = {
			isa = XCConfigurationList;
			buildConfigurations = (
				D986682626CF487300557E80 /* Debug */,
				D986682726CF487300557E80 /* Release */,
			);
			defaultConfigurationIsVisible = 0;
			defaultConfigurationName = Release;
		};
		D986682826CF487300557E80 /* Build configuration list for PBXNativeTarget "watching WatchKit Extension" */ = {
			isa = XCConfigurationList;
			buildConfigurations = (
				D986682926CF487300557E80 /* Debug */,
				D986682A26CF487300557E80 /* Release */,
			);
			defaultConfigurationIsVisible = 0;
			defaultConfigurationName = Release;
		};
		D986682C26CF487300557E80 /* Build configuration list for PBXNativeTarget "watching WatchKit App" */ = {
			isa = XCConfigurationList;
			buildConfigurations = (
				D986682D26CF487300557E80 /* Debug */,
				D986682E26CF487300557E80 /* Release */,
			);
			defaultConfigurationIsVisible = 0;
			defaultConfigurationName = Release;
		};
		D986683026CF487300557E80 /* Build configuration list for PBXNativeTarget "watching" */ = {
			isa = XCConfigurationList;
			buildConfigurations = (
				D986683126CF487300557E80 /* Debug */,
				D986683226CF487300557E80 /* Release */,
			);
			defaultConfigurationIsVisible = 0;
			defaultConfigurationName = Release;
		};
/* End XCConfigurationList section */
	};
	rootObject = D98667FA26CF487100557E80 /* Project object */;
}
